
Microsoft Visual Studio Solution File, Format Version 12.00
# Visual Studio Version 17
VisualStudioVersion = 17.7.34018.315
MinimumVisualStudioVersion = 10.0.40219.1
Project("{FAE04EC0-301F-11D3-BF4B-00C04F79EFBC}") = "TP03", "TP03.csproj", "{024CA3F2-3EC1-4AE5-B4A5-0E1970EF4050}"
EndProject
Global
	GlobalSection(SolutionConfigurationPlatforms) = preSolution
		Debug|Any CPU = Debug|Any CPU
		Release|Any CPU = Release|Any CPU
	EndGlobalSection
	GlobalSection(ProjectConfigurationPlatforms) = postSolution
		{024CA3F2-3EC1-4AE5-B4A5-0E1970EF4050}.Debug|Any CPU.ActiveCfg = Debug|Any CPU
		{024CA3F2-3EC1-4AE5-B4A5-0E1970EF4050}.Debug|Any CPU.Build.0 = Debug|Any CPU
		{024CA3F2-3EC1-4AE5-B4A5-0E1970EF4050}.Release|Any CPU.ActiveCfg = Release|Any CPU
		{024CA3F2-3EC1-4AE5-B4A5-0E1970EF4050}.Release|Any CPU.Build.0 = Release|Any CPU
	EndGlobalSection
	GlobalSection(SolutionProperties) = preSolution
		HideSolutionNode = FALSE
	EndGlobalSection
	GlobalSection(ExtensibilityGlobals) = postSolution
		SolutionGuid = {48A0B654-00A2-4447-A75F-8CB111EB9D52}
	EndGlobalSection
EndGlobal
